
Microsoft Visual Studio Solution File, Format Version 12.00
# Visual Studio Version 17
VisualStudioVersion = 17.14.36301.6
MinimumVisualStudioVersion = 10.0.40219.1
Project("{FAE04EC0-301F-11D3-BF4B-00C04F79EFBC}") = "Asher.UserInterface", "Asher.UserInterface\Asher.UserInterface.csproj", "{4C5C9E13-FEF1-4F6C-BED6-096F163929BE}"
EndProject
Project("{FAE04EC0-301F-11D3-BF4B-00C04F79EFBC}") = "Asher.Runtime", "Asher.Runtime\Asher.Runtime.csproj", "{BF3125F9-3CB6-43F8-804B-73D548C9E905}"
EndProject
Project("{FAE04EC0-301F-11D3-BF4B-00C04F79EFBC}") = "Asher.Core", "Asher.Core\Asher.Core.csproj", "{36AE7CF9-B7D2-417A-B4CA-1B9C15CE8CCD}"
EndProject
Project("{FAE04EC0-301F-11D3-BF4B-00C04F79EFBC}") = "Asher.App", "Asher.App\Asher.App.csproj", "{A5996323-87D2-44CA-B6C7-8A205875CF5F}"
EndProject
Project("{FAE04EC0-301F-11D3-BF4B-00C04F79EFBC}") = "Asher.Services", "Asher.Services\Asher.Services.csproj", "{B4211A1F-A701-452A-8A23-985FED35DBE3}"
EndProject
Project("{FAE04EC0-301F-11D3-BF4B-00C04F79EFBC}") = "Asher.Localization", "Asher.Localization\Asher.Localization.csproj", "{D4A6BD76-0AC8-4FCE-A92F-62B212611F36}"
EndProject
Project("{FAE04EC0-301F-11D3-BF4B-00C04F79EFBC}") = "Asher.Bootstrap", "Asher.Bootstrap\Asher.Bootstrap.csproj", "{CBC6CD7F-2195-4BF2-BB29-931DF03B5A3E}"
EndProject
Global
	GlobalSection(SolutionConfigurationPlatforms) = preSolution
		Debug|Any CPU = Debug|Any CPU
		Debug|x64 = Debug|x64
		Debug|x86 = Debug|x86
		Release|Any CPU = Release|Any CPU
		Release|x64 = Release|x64
		Release|x86 = Release|x86
	EndGlobalSection
	GlobalSection(ProjectConfigurationPlatforms) = postSolution
		{4C5C9E13-FEF1-4F6C-BED6-096F163929BE}.Debug|Any CPU.ActiveCfg = Debug|Any CPU
		{4C5C9E13-FEF1-4F6C-BED6-096F163929BE}.Debug|Any CPU.Build.0 = Debug|Any CPU
		{4C5C9E13-FEF1-4F6C-BED6-096F163929BE}.Debug|x64.ActiveCfg = Debug|Any CPU
		{4C5C9E13-FEF1-4F6C-BED6-096F163929BE}.Debug|x64.Build.0 = Debug|Any CPU
		{4C5C9E13-FEF1-4F6C-BED6-096F163929BE}.Debug|x86.ActiveCfg = Debug|Any CPU
		{4C5C9E13-FEF1-4F6C-BED6-096F163929BE}.Debug|x86.Build.0 = Debug|Any CPU
		{4C5C9E13-FEF1-4F6C-BED6-096F163929BE}.Release|Any CPU.ActiveCfg = Release|Any CPU
		{4C5C9E13-FEF1-4F6C-BED6-096F163929BE}.Release|Any CPU.Build.0 = Release|Any CPU
		{4C5C9E13-FEF1-4F6C-BED6-096F163929BE}.Release|x64.ActiveCfg = Release|Any CPU
		{4C5C9E13-FEF1-4F6C-BED6-096F163929BE}.Release|x64.Build.0 = Release|Any CPU
		{4C5C9E13-FEF1-4F6C-BED6-096F163929BE}.Release|x86.ActiveCfg = Release|Any CPU
		{4C5C9E13-FEF1-4F6C-BED6-096F163929BE}.Release|x86.Build.0 = Release|Any CPU
		{BF3125F9-3CB6-43F8-804B-73D548C9E905}.Debug|Any CPU.ActiveCfg = Debug|Any CPU
		{BF3125F9-3CB6-43F8-804B-73D548C9E905}.Debug|Any CPU.Build.0 = Debug|Any CPU
		{BF3125F9-3CB6-43F8-804B-73D548C9E905}.Debug|x64.ActiveCfg = Debug|Any CPU
		{BF3125F9-3CB6-43F8-804B-73D548C9E905}.Debug|x64.Build.0 = Debug|Any CPU
		{BF3125F9-3CB6-43F8-804B-73D548C9E905}.Debug|x86.ActiveCfg = Debug|Any CPU
		{BF3125F9-3CB6-43F8-804B-73D548C9E905}.Debug|x86.Build.0 = Debug|Any CPU
		{BF3125F9-3CB6-43F8-804B-73D548C9E905}.Release|Any CPU.ActiveCfg = Release|Any CPU
		{BF3125F9-3CB6-43F8-804B-73D548C9E905}.Release|Any CPU.Build.0 = Release|Any CPU
		{BF3125F9-3CB6-43F8-804B-73D548C9E905}.Release|x64.ActiveCfg = Release|Any CPU
		{BF3125F9-3CB6-43F8-804B-73D548C9E905}.Release|x64.Build.0 = Release|Any CPU
		{BF3125F9-3CB6-43F8-804B-73D548C9E905}.Release|x86.ActiveCfg = Release|Any CPU
		{BF3125F9-3CB6-43F8-804B-73D548C9E905}.Release|x86.Build.0 = Release|Any CPU
		{36AE7CF9-B7D2-417A-B4CA-1B9C15CE8CCD}.Debug|Any CPU.ActiveCfg = Debug|Any CPU
		{36AE7CF9-B7D2-417A-B4CA-1B9C15CE8CCD}.Debug|Any CPU.Build.0 = Debug|Any CPU
		{36AE7CF9-B7D2-417A-B4CA-1B9C15CE8CCD}.Debug|x64.ActiveCfg = Debug|Any CPU
		{36AE7CF9-B7D2-417A-B4CA-1B9C15CE8CCD}.Debug|x64.Build.0 = Debug|Any CPU
		{36AE7CF9-B7D2-417A-B4CA-1B9C15CE8CCD}.Debug|x86.ActiveCfg = Debug|Any CPU
		{36AE7CF9-B7D2-417A-B4CA-1B9C15CE8CCD}.Debug|x86.Build.0 = Debug|Any CPU
		{36AE7CF9-B7D2-417A-B4CA-1B9C15CE8CCD}.Release|Any CPU.ActiveCfg = Release|Any CPU
		{36AE7CF9-B7D2-417A-B4CA-1B9C15CE8CCD}.Release|Any CPU.Build.0 = Release|Any CPU
		{36AE7CF9-B7D2-417A-B4CA-1B9C15CE8CCD}.Release|x64.ActiveCfg = Release|Any CPU
		{36AE7CF9-B7D2-417A-B4CA-1B9C15CE8CCD}.Release|x64.Build.0 = Release|Any CPU
		{36AE7CF9-B7D2-417A-B4CA-1B9C15CE8CCD}.Release|x86.ActiveCfg = Release|Any CPU
		{36AE7CF9-B7D2-417A-B4CA-1B9C15CE8CCD}.Release|x86.Build.0 = Release|Any CPU
		{A5996323-87D2-44CA-B6C7-8A205875CF5F}.Debug|Any CPU.ActiveCfg = Debug|Any CPU
		{A5996323-87D2-44CA-B6C7-8A205875CF5F}.Debug|Any CPU.Build.0 = Debug|Any CPU
		{A5996323-87D2-44CA-B6C7-8A205875CF5F}.Debug|x64.ActiveCfg = Debug|Any CPU
		{A5996323-87D2-44CA-B6C7-8A205875CF5F}.Debug|x64.Build.0 = Debug|Any CPU
		{A5996323-87D2-44CA-B6C7-8A205875CF5F}.Debug|x86.ActiveCfg = Debug|Any CPU
		{A5996323-87D2-44CA-B6C7-8A205875CF5F}.Debug|x86.Build.0 = Debug|Any CPU
		{A5996323-87D2-44CA-B6C7-8A205875CF5F}.Release|Any CPU.ActiveCfg = Release|Any CPU
		{A5996323-87D2-44CA-B6C7-8A205875CF5F}.Release|Any CPU.Build.0 = Release|Any CPU
		{A5996323-87D2-44CA-B6C7-8A205875CF5F}.Release|x64.ActiveCfg = Release|Any CPU
		{A5996323-87D2-44CA-B6C7-8A205875CF5F}.Release|x64.Build.0 = Release|Any CPU
		{A5996323-87D2-44CA-B6C7-8A205875CF5F}.Release|x86.ActiveCfg = Release|Any CPU
		{A5996323-87D2-44CA-B6C7-8A205875CF5F}.Release|x86.Build.0 = Release|Any CPU
		{B4211A1F-A701-452A-8A23-985FED35DBE3}.Debug|Any CPU.ActiveCfg = Debug|Any CPU
		{B4211A1F-A701-452A-8A23-985FED35DBE3}.Debug|Any CPU.Build.0 = Debug|Any CPU
		{B4211A1F-A701-452A-8A23-985FED35DBE3}.Debug|x64.ActiveCfg = Debug|Any CPU
		{B4211A1F-A701-452A-8A23-985FED35DBE3}.Debug|x64.Build.0 = Debug|Any CPU
		{B4211A1F-A701-452A-8A23-985FED35DBE3}.Debug|x86.ActiveCfg = Debug|Any CPU
		{B4211A1F-A701-452A-8A23-985FED35DBE3}.Debug|x86.Build.0 = Debug|Any CPU
		{B4211A1F-A701-452A-8A23-985FED35DBE3}.Release|Any CPU.ActiveCfg = Release|Any CPU
		{B4211A1F-A701-452A-8A23-985FED35DBE3}.Release|Any CPU.Build.0 = Release|Any CPU
		{B4211A1F-A701-452A-8A23-985FED35DBE3}.Release|x64.ActiveCfg = Release|Any CPU
		{B4211A1F-A701-452A-8A23-985FED35DBE3}.Release|x64.Build.0 = Release|Any CPU
		{B4211A1F-A701-452A-8A23-985FED35DBE3}.Release|x86.ActiveCfg = Release|Any CPU
		{B4211A1F-A701-452A-8A23-985FED35DBE3}.Release|x86.Build.0 = Release|Any CPU
		{D4A6BD76-0AC8-4FCE-A92F-62B212611F36}.Debug|Any CPU.ActiveCfg = Debug|Any CPU
		{D4A6BD76-0AC8-4FCE-A92F-62B212611F36}.Debug|Any CPU.Build.0 = Debug|Any CPU
		{D4A6BD76-0AC8-4FCE-A92F-62B212611F36}.Debug|x64.ActiveCfg = Debug|Any CPU
		{D4A6BD76-0AC8-4FCE-A92F-62B212611F36}.Debug|x64.Build.0 = Debug|Any CPU
		{D4A6BD76-0AC8-4FCE-A92F-62B212611F36}.Debug|x86.ActiveCfg = Debug|Any CPU
		{D4A6BD76-0AC8-4FCE-A92F-62B212611F36}.Debug|x86.Build.0 = Debug|Any CPU
		{D4A6BD76-0AC8-4FCE-A92F-62B212611F36}.Release|Any CPU.ActiveCfg = Release|Any CPU
		{D4A6BD76-0AC8-4FCE-A92F-62B212611F36}.Release|Any CPU.Build.0 = Release|Any CPU
		{D4A6BD76-0AC8-4FCE-A92F-62B212611F36}.Release|x64.ActiveCfg = Release|Any CPU
		{D4A6BD76-0AC8-4FCE-A92F-62B212611F36}.Release|x64.Build.0 = Release|Any CPU
		{D4A6BD76-0AC8-4FCE-A92F-62B212611F36}.Release|x86.ActiveCfg = Release|Any CPU
		{D4A6BD76-0AC8-4FCE-A92F-62B212611F36}.Release|x86.Build.0 = Release|Any CPU
		{CBC6CD7F-2195-4BF2-BB29-931DF03B5A3E}.Debug|Any CPU.ActiveCfg = Debug|Any CPU
		{CBC6CD7F-2195-4BF2-BB29-931DF03B5A3E}.Debug|Any CPU.Build.0 = Debug|Any CPU
		{CBC6CD7F-2195-4BF2-BB29-931DF03B5A3E}.Debug|x64.ActiveCfg = Debug|Any CPU
		{CBC6CD7F-2195-4BF2-BB29-931DF03B5A3E}.Debug|x64.Build.0 = Debug|Any CPU
		{CBC6CD7F-2195-4BF2-BB29-931DF03B5A3E}.Debug|x86.ActiveCfg = Debug|Any CPU
		{CBC6CD7F-2195-4BF2-BB29-931DF03B5A3E}.Debug|x86.Build.0 = Debug|Any CPU
		{CBC6CD7F-2195-4BF2-BB29-931DF03B5A3E}.Release|Any CPU.ActiveCfg = Release|Any CPU
		{CBC6CD7F-2195-4BF2-BB29-931DF03B5A3E}.Release|Any CPU.Build.0 = Release|Any CPU
		{CBC6CD7F-2195-4BF2-BB29-931DF03B5A3E}.Release|x64.ActiveCfg = Release|Any CPU
		{CBC6CD7F-2195-4BF2-BB29-931DF03B5A3E}.Release|x64.Build.0 = Release|Any CPU
		{CBC6CD7F-2195-4BF2-BB29-931DF03B5A3E}.Release|x86.ActiveCfg = Release|Any CPU
		{CBC6CD7F-2195-4BF2-BB29-931DF03B5A3E}.Release|x86.Build.0 = Release|Any CPU
	EndGlobalSection
	GlobalSection(SolutionProperties) = preSolution
		HideSolutionNode = FALSE
	EndGlobalSection
	GlobalSection(ExtensibilityGlobals) = postSolution
		SolutionGuid = {943B004E-8BDB-4576-9890-AC8AAFD0F91A}
	EndGlobalSection
EndGlobal
